// !$*UTF8*$!
{
	archiveVersion = 1;
	classes = {
	};
	objectVersion = 56;
	objects = {

/* Begin PBXBuildFile section */
		B680939429853EA6006974A9 /* MagnetometerApp.swift in Sources */ = {isa = PBXBuildFile; fileRef = B680939329853EA6006974A9 /* MagnetometerApp.swift */; };
		B680939629853EA6006974A9 /* ContentView.swift in Sources */ = {isa = PBXBuildFile; fileRef = B680939529853EA6006974A9 /* ContentView.swift */; };
		B680939829853EA8006974A9 /* Assets.xcassets in Resources */ = {isa = PBXBuildFile; fileRef = B680939729853EA8006974A9 /* Assets.xcassets */; };
		B680939B29853EA8006974A9 /* Preview Assets.xcassets in Resources */ = {isa = PBXBuildFile; fileRef = B680939A29853EA8006974A9 /* Preview Assets.xcassets */; };
		B68093A329854301006974A9 /* SwiftUISineWaveShape in Frameworks */ = {isa = PBXBuildFile; productRef = B68093A229854301006974A9 /* SwiftUISineWaveShape */; };
		B6C1C3FE2985630E00F782E4 /* DynamicColor in Frameworks */ = {isa = PBXBuildFile; productRef = B6C1C3FD2985630E00F782E4 /* DynamicColor */; };
		B6C1C4002985668800F782E4 /* MotionManager.swift in Sources */ = {isa = PBXBuildFile; fileRef = B6C1C3FF2985668800F782E4 /* MotionManager.swift */; };
		B6C1C402298566E400F782E4 /* Colors.swift in Sources */ = {isa = PBXBuildFile; fileRef = B6C1C401298566E400F782E4 /* Colors.swift */; };
		B6C1C4042985A2C600F782E4 /* Frequency.swift in Sources */ = {isa = PBXBuildFile; fileRef = B6C1C4032985A2C600F782E4 /* Frequency.swift */; };
		B6C1C40E2985B70D00F782E4 /* AudioKit in Frameworks */ = {isa = PBXBuildFile; productRef = B6C1C40D2985B70D00F782E4 /* AudioKit */; };
		B6C1C4112985BB3300F782E4 /* SoundpipeAudioKit in Frameworks */ = {isa = PBXBuildFile; productRef = B6C1C4102985BB3300F782E4 /* SoundpipeAudioKit */; };
		B6C1C4172985E36A00F782E4 /* SineWaveFrequency.swift in Sources */ = {isa = PBXBuildFile; fileRef = B6C1C4162985E36A00F782E4 /* SineWaveFrequency.swift */; };
		B6C1C4192985EDC800F782E4 /* SineWaveAmplitude.swift in Sources */ = {isa = PBXBuildFile; fileRef = B6C1C4182985EDC800F782E4 /* SineWaveAmplitude.swift */; };
		B6C1C41B2985F5E100F782E4 /* OscillatorFrequency.swift in Sources */ = {isa = PBXBuildFile; fileRef = B6C1C41A2985F5E100F782E4 /* OscillatorFrequency.swift */; };
		B6C1C41D2985F66700F782E4 /* Constants.swift in Sources */ = {isa = PBXBuildFile; fileRef = B6C1C41C2985F66700F782E4 /* Constants.swift */; };
/* End PBXBuildFile section */

/* Begin PBXFileReference section */
		B680939029853EA6006974A9 /* Magnetometer.app */ = {isa = PBXFileReference; explicitFileType = wrapper.application; includeInIndex = 0; path = Magnetometer.app; sourceTree = BUILT_PRODUCTS_DIR; };
		B680939329853EA6006974A9 /* MagnetometerApp.swift */ = {isa = PBXFileReference; lastKnownFileType = sourcecode.swift; path = MagnetometerApp.swift; sourceTree = "<group>"; };
		B680939529853EA6006974A9 /* ContentView.swift */ = {isa = PBXFileReference; lastKnownFileType = sourcecode.swift; path = ContentView.swift; sourceTree = "<group>"; };
		B680939729853EA8006974A9 /* Assets.xcassets */ = {isa = PBXFileReference; lastKnownFileType = folder.assetcatalog; path = Assets.xcassets; sourceTree = "<group>"; };
		B680939A29853EA8006974A9 /* Preview Assets.xcassets */ = {isa = PBXFileReference; lastKnownFileType = folder.assetcatalog; path = "Preview Assets.xcassets"; sourceTree = "<group>"; };
		B6C1C3FF2985668800F782E4 /* MotionManager.swift */ = {isa = PBXFileReference; lastKnownFileType = sourcecode.swift; path = MotionManager.swift; sourceTree = "<group>"; };
		B6C1C401298566E400F782E4 /* Colors.swift */ = {isa = PBXFileReference; lastKnownFileType = sourcecode.swift; path = Colors.swift; sourceTree = "<group>"; };
		B6C1C4032985A2C600F782E4 /* Frequency.swift */ = {isa = PBXFileReference; lastKnownFileType = sourcecode.swift; path = Frequency.swift; sourceTree = "<group>"; };
		B6C1C4162985E36A00F782E4 /* SineWaveFrequency.swift */ = {isa = PBXFileReference; lastKnownFileType = sourcecode.swift; path = SineWaveFrequency.swift; sourceTree = "<group>"; };
		B6C1C4182985EDC800F782E4 /* SineWaveAmplitude.swift */ = {isa = PBXFileReference; lastKnownFileType = sourcecode.swift; path = SineWaveAmplitude.swift; sourceTree = "<group>"; };
		B6C1C41A2985F5E100F782E4 /* OscillatorFrequency.swift */ = {isa = PBXFileReference; lastKnownFileType = sourcecode.swift; path = OscillatorFrequency.swift; sourceTree = "<group>"; };
		B6C1C41C2985F66700F782E4 /* Constants.swift */ = {isa = PBXFileReference; lastKnownFileType = sourcecode.swift; path = Constants.swift; sourceTree = "<group>"; };
/* End PBXFileReference section */

/* Begin PBXFrameworksBuildPhase section */
		B680938D29853EA6006974A9 /* Frameworks */ = {
			isa = PBXFrameworksBuildPhase;
			buildActionMask = 2147483647;
			files = (
				B6C1C40E2985B70D00F782E4 /* AudioKit in Frameworks */,
				B6C1C3FE2985630E00F782E4 /* DynamicColor in Frameworks */,
				B6C1C4112985BB3300F782E4 /* SoundpipeAudioKit in Frameworks */,
				B68093A329854301006974A9 /* SwiftUISineWaveShape in Frameworks */,
			);
			runOnlyForDeploymentPostprocessing = 0;
		};
/* End PBXFrameworksBuildPhase section */

/* Begin PBXGroup section */
		B680938729853EA6006974A9 = {
			isa = PBXGroup;
			children = (
				B680939229853EA6006974A9 /* Magnetometer */,
				B680939129853EA6006974A9 /* Products */,
			);
			sourceTree = "<group>";
		};
		B680939129853EA6006974A9 /* Products */ = {
			isa = PBXGroup;
			children = (
				B680939029853EA6006974A9 /* Magnetometer.app */,
			);
			name = Products;
			sourceTree = "<group>";
		};
		B680939229853EA6006974A9 /* Magnetometer */ = {
			isa = PBXGroup;
			children = (
				B680939329853EA6006974A9 /* MagnetometerApp.swift */,
				B680939529853EA6006974A9 /* ContentView.swift */,
				B680939729853EA8006974A9 /* Assets.xcassets */,
				B680939929853EA8006974A9 /* Preview Content */,
				B6C1C3FF2985668800F782E4 /* MotionManager.swift */,
				B6C1C401298566E400F782E4 /* Colors.swift */,
				B6C1C4032985A2C600F782E4 /* Frequency.swift */,
				B6C1C4162985E36A00F782E4 /* SineWaveFrequency.swift */,
				B6C1C4182985EDC800F782E4 /* SineWaveAmplitude.swift */,
				B6C1C41A2985F5E100F782E4 /* OscillatorFrequency.swift */,
				B6C1C41C2985F66700F782E4 /* Constants.swift */,
			);
			path = Magnetometer;
			sourceTree = "<group>";
		};
		B680939929853EA8006974A9 /* Preview Content */ = {
			isa = PBXGroup;
			children = (
				B680939A29853EA8006974A9 /* Preview Assets.xcassets */,
			);
			path = "Preview Content";
			sourceTree = "<group>";
		};
/* End PBXGroup section */

/* Begin PBXNativeTarget section */
		B680938F29853EA6006974A9 /* Magnetometer */ = {
			isa = PBXNativeTarget;
			buildConfigurationList = B680939E29853EA8006974A9 /* Build configuration list for PBXNativeTarget "Magnetometer" */;
			buildPhases = (
				B680938C29853EA6006974A9 /* Sources */,
				B680938D29853EA6006974A9 /* Frameworks */,
				B680938E29853EA6006974A9 /* Resources */,
			);
			buildRules = (
			);
			dependencies = (
			);
			name = Magnetometer;
			packageProductDependencies = (
				B68093A229854301006974A9 /* SwiftUISineWaveShape */,
				B6C1C3FD2985630E00F782E4 /* DynamicColor */,
				B6C1C40D2985B70D00F782E4 /* AudioKit */,
				B6C1C4102985BB3300F782E4 /* SoundpipeAudioKit */,
			);
			productName = Magnetometer;
			productReference = B680939029853EA6006974A9 /* Magnetometer.app */;
			productType = "com.apple.product-type.application";
		};
/* End PBXNativeTarget section */

/* Begin PBXProject section */
		B680938829853EA6006974A9 /* Project object */ = {
			isa = PBXProject;
			attributes = {
				BuildIndependentTargetsInParallel = 1;
				LastSwiftUpdateCheck = 1420;
				LastUpgradeCheck = 1420;
				TargetAttributes = {
					B680938F29853EA6006974A9 = {
						CreatedOnToolsVersion = 14.2;
					};
				};
			};
			buildConfigurationList = B680938B29853EA6006974A9 /* Build configuration list for PBXProject "Magnetometer" */;
			compatibilityVersion = "Xcode 14.0";
			developmentRegion = en;
			hasScannedForEncodings = 0;
			knownRegions = (
				en,
				Base,
			);
			mainGroup = B680938729853EA6006974A9;
			packageReferences = (
				B68093A129854301006974A9 /* XCRemoteSwiftPackageReference "SwiftUISineWaveShape" */,
				B6C1C3FC2985630E00F782E4 /* XCRemoteSwiftPackageReference "DynamicColor" */,
				B6C1C40C2985B70D00F782E4 /* XCRemoteSwiftPackageReference "AudioKit" */,
				B6C1C40F2985BB3300F782E4 /* XCRemoteSwiftPackageReference "SoundpipeAudioKit" */,
			);
			productRefGroup = B680939129853EA6006974A9 /* Products */;
			projectDirPath = "";
			projectRoot = "";
			targets = (
				B680938F29853EA6006974A9 /* Magnetometer */,
			);
		};
/* End PBXProject section */

/* Begin PBXResourcesBuildPhase section */
		B680938E29853EA6006974A9 /* Resources */ = {
			isa = PBXResourcesBuildPhase;
			buildActionMask = 2147483647;
			files = (
				B680939B29853EA8006974A9 /* Preview Assets.xcassets in Resources */,
				B680939829853EA8006974A9 /* Assets.xcassets in Resources */,
			);
			runOnlyForDeploymentPostprocessing = 0;
		};
/* End PBXResourcesBuildPhase section */

/* Begin PBXSourcesBuildPhase section */
		B680938C29853EA6006974A9 /* Sources */ = {
			isa = PBXSourcesBuildPhase;
			buildActionMask = 2147483647;
			files = (
				B680939629853EA6006974A9 /* ContentView.swift in Sources */,
				B6C1C4192985EDC800F782E4 /* SineWaveAmplitude.swift in Sources */,
				B6C1C41B2985F5E100F782E4 /* OscillatorFrequency.swift in Sources */,
				B6C1C4042985A2C600F782E4 /* Frequency.swift in Sources */,
				B6C1C4002985668800F782E4 /* MotionManager.swift in Sources */,
				B6C1C4172985E36A00F782E4 /* SineWaveFrequency.swift in Sources */,
				B6C1C41D2985F66700F782E4 /* Constants.swift in Sources */,
				B680939429853EA6006974A9 /* MagnetometerApp.swift in Sources */,
				B6C1C402298566E400F782E4 /* Colors.swift in Sources */,
			);
			runOnlyForDeploymentPostprocessing = 0;
		};
/* End PBXSourcesBuildPhase section */

/* Begin XCBuildConfiguration section */
		B680939C29853EA8006974A9 /* Debug */ = {
			isa = XCBuildConfiguration;
			buildSettings = {
				ALWAYS_SEARCH_USER_PATHS = NO;
				CLANG_ANALYZER_NONNULL = YES;
				CLANG_ANALYZER_NUMBER_OBJECT_CONVERSION = YES_AGGRESSIVE;
				CLANG_CXX_LANGUAGE_STANDARD = "gnu++20";
				CLANG_ENABLE_MODULES = YES;
				CLANG_ENABLE_OBJC_ARC = YES;
				CLANG_ENABLE_OBJC_WEAK = YES;
				CLANG_WARN_BLOCK_CAPTURE_AUTORELEASING = YES;
				CLANG_WARN_BOOL_CONVERSION = YES;
				CLANG_WARN_COMMA = YES;
				CLANG_WARN_CONSTANT_CONVERSION = YES;
				CLANG_WARN_DEPRECATED_OBJC_IMPLEMENTATIONS = YES;
				CLANG_WARN_DIRECT_OBJC_ISA_USAGE = YES_ERROR;
				CLANG_WARN_DOCUMENTATION_COMMENTS = YES;
				CLANG_WARN_EMPTY_BODY = YES;
				CLANG_WARN_ENUM_CONVERSION = YES;
				CLANG_WARN_INFINITE_RECURSION = YES;
				CLANG_WARN_INT_CONVERSION = YES;
				CLANG_WARN_NON_LITERAL_NULL_CONVERSION = YES;
				CLANG_WARN_OBJC_IMPLICIT_RETAIN_SELF = YES;
				CLANG_WARN_OBJC_LITERAL_CONVERSION = YES;
				CLANG_WARN_OBJC_ROOT_CLASS = YES_ERROR;
				CLANG_WARN_QUOTED_INCLUDE_IN_FRAMEWORK_HEADER = YES;
				CLANG_WARN_RANGE_LOOP_ANALYSIS = YES;
				CLANG_WARN_STRICT_PROTOTYPES = YES;
				CLANG_WARN_SUSPICIOUS_MOVE = YES;
				CLANG_WARN_UNGUARDED_AVAILABILITY = YES_AGGRESSIVE;
				CLANG_WARN_UNREACHABLE_CODE = YES;
				CLANG_WARN__DUPLICATE_METHOD_MATCH = YES;
				COPY_PHASE_STRIP = NO;
				DEBUG_INFORMATION_FORMAT = dwarf;
				ENABLE_STRICT_OBJC_MSGSEND = YES;
				ENABLE_TESTABILITY = YES;
				GCC_C_LANGUAGE_STANDARD = gnu11;
				GCC_DYNAMIC_NO_PIC = NO;
				GCC_NO_COMMON_BLOCKS = YES;
				GCC_OPTIMIZATION_LEVEL = 0;
				GCC_PREPROCESSOR_DEFINITIONS = (
					"DEBUG=1",
					"$(inherited)",
				);
				GCC_WARN_64_TO_32_BIT_CONVERSION = YES;
				GCC_WARN_ABOUT_RETURN_TYPE = YES_ERROR;
				GCC_WARN_UNDECLARED_SELECTOR = YES;
				GCC_WARN_UNINITIALIZED_AUTOS = YES_AGGRESSIVE;
				GCC_WARN_UNUSED_FUNCTION = YES;
				GCC_WARN_UNUSED_VARIABLE = YES;
				IPHONEOS_DEPLOYMENT_TARGET = 16.2;
				MTL_ENABLE_DEBUG_INFO = INCLUDE_SOURCE;
				MTL_FAST_MATH = YES;
				ONLY_ACTIVE_ARCH = YES;
				SDKROOT = iphoneos;
				SWIFT_ACTIVE_COMPILATION_CONDITIONS = DEBUG;
				SWIFT_OPTIMIZATION_LEVEL = "-Onone";
			};
			name = Debug;
		};
		B680939D29853EA8006974A9 /* Release */ = {
			isa = XCBuildConfiguration;
			buildSettings = {
				ALWAYS_SEARCH_USER_PATHS = NO;
				CLANG_ANALYZER_NONNULL = YES;
				CLANG_ANALYZER_NUMBER_OBJECT_CONVERSION = YES_AGGRESSIVE;
				CLANG_CXX_LANGUAGE_STANDARD = "gnu++20";
				CLANG_ENABLE_MODULES = YES;
				CLANG_ENABLE_OBJC_ARC = YES;
				CLANG_ENABLE_OBJC_WEAK = YES;
				CLANG_WARN_BLOCK_CAPTURE_AUTORELEASING = YES;
				CLANG_WARN_BOOL_CONVERSION = YES;
				CLANG_WARN_COMMA = YES;
				CLANG_WARN_CONSTANT_CONVERSION = YES;
				CLANG_WARN_DEPRECATED_OBJC_IMPLEMENTATIONS = YES;
				CLANG_WARN_DIRECT_OBJC_ISA_USAGE = YES_ERROR;
				CLANG_WARN_DOCUMENTATION_COMMENTS = YES;
				CLANG_WARN_EMPTY_BODY = YES;
				CLANG_WARN_ENUM_CONVERSION = YES;
				CLANG_WARN_INFINITE_RECURSION = YES;
				CLANG_WARN_INT_CONVERSION = YES;
				CLANG_WARN_NON_LITERAL_NULL_CONVERSION = YES;
				CLANG_WARN_OBJC_IMPLICIT_RETAIN_SELF = YES;
				CLANG_WARN_OBJC_LITERAL_CONVERSION = YES;
				CLANG_WARN_OBJC_ROOT_CLASS = YES_ERROR;
				CLANG_WARN_QUOTED_INCLUDE_IN_FRAMEWORK_HEADER = YES;
				CLANG_WARN_RANGE_LOOP_ANALYSIS = YES;
				CLANG_WARN_STRICT_PROTOTYPES = YES;
				CLANG_WARN_SUSPICIOUS_MOVE = YES;
				CLANG_WARN_UNGUARDED_AVAILABILITY = YES_AGGRESSIVE;
				CLANG_WARN_UNREACHABLE_CODE = YES;
				CLANG_WARN__DUPLICATE_METHOD_MATCH = YES;
				COPY_PHASE_STRIP = NO;
				DEBUG_INFORMATION_FORMAT = "dwarf-with-dsym";
				ENABLE_NS_ASSERTIONS = NO;
				ENABLE_STRICT_OBJC_MSGSEND = YES;
				GCC_C_LANGUAGE_STANDARD = gnu11;
				GCC_NO_COMMON_BLOCKS = YES;
				GCC_WARN_64_TO_32_BIT_CONVERSION = YES;
				GCC_WARN_ABOUT_RETURN_TYPE = YES_ERROR;
				GCC_WARN_UNDECLARED_SELECTOR = YES;
				GCC_WARN_UNINITIALIZED_AUTOS = YES_AGGRESSIVE;
				GCC_WARN_UNUSED_FUNCTION = YES;
				GCC_WARN_UNUSED_VARIABLE = YES;
				IPHONEOS_DEPLOYMENT_TARGET = 16.2;
				MTL_ENABLE_DEBUG_INFO = NO;
				MTL_FAST_MATH = YES;
				SDKROOT = iphoneos;
				SWIFT_COMPILATION_MODE = wholemodule;
				SWIFT_OPTIMIZATION_LEVEL = "-O";
				VALIDATE_PRODUCT = YES;
			};
			name = Release;
		};
		B680939F29853EA8006974A9 /* Debug */ = {
			isa = XCBuildConfiguration;
			buildSettings = {
				ASSETCATALOG_COMPILER_APPICON_NAME = AppIcon;
				ASSETCATALOG_COMPILER_GLOBAL_ACCENT_COLOR_NAME = AccentColor;
				CODE_SIGN_STYLE = Automatic;
				CURRENT_PROJECT_VERSION = 1;
				DEVELOPMENT_ASSET_PATHS = "\"Magnetometer/Preview Content\"";
				DEVELOPMENT_TEAM = 5Q493YWC66;
				ENABLE_PREVIEWS = YES;
				GENERATE_INFOPLIST_FILE = YES;
				INFOPLIST_KEY_UIApplicationSceneManifest_Generation = YES;
				INFOPLIST_KEY_UIApplicationSupportsIndirectInputEvents = YES;
				INFOPLIST_KEY_UILaunchScreen_Generation = YES;
				INFOPLIST_KEY_UISupportedInterfaceOrientations_iPad = "UIInterfaceOrientationPortrait UIInterfaceOrientationPortraitUpsideDown UIInterfaceOrientationLandscapeLeft UIInterfaceOrientationLandscapeRight";
				INFOPLIST_KEY_UISupportedInterfaceOrientations_iPhone = UIInterfaceOrientationPortrait;
				IPHONEOS_DEPLOYMENT_TARGET = 15.2;
				LD_RUNPATH_SEARCH_PATHS = (
					"$(inherited)",
					"@executable_path/Frameworks",
				);
				MARKETING_VERSION = 1.0;
				PRODUCT_BUNDLE_IDENTIFIER = "Nar-der-Levonian.Magnetometer";
				PRODUCT_NAME = "$(TARGET_NAME)";
				SWIFT_EMIT_LOC_STRINGS = YES;
				SWIFT_VERSION = 5.0;
				TARGETED_DEVICE_FAMILY = "1,2";
			};
			name = Debug;
		};
		B68093A029853EA8006974A9 /* Release */ = {
			isa = XCBuildConfiguration;
			buildSettings = {
				ASSETCATALOG_COMPILER_APPICON_NAME = AppIcon;
				ASSETCATALOG_COMPILER_GLOBAL_ACCENT_COLOR_NAME = AccentColor;
				CODE_SIGN_STYLE = Automatic;
				CURRENT_PROJECT_VERSION = 1;
				DEVELOPMENT_ASSET_PATHS = "\"Magnetometer/Preview Content\"";
				DEVELOPMENT_TEAM = 5Q493YWC66;
				ENABLE_PREVIEWS = YES;
				GENERATE_INFOPLIST_FILE = YES;
				INFOPLIST_KEY_UIApplicationSceneManifest_Generation = YES;
				INFOPLIST_KEY_UIApplicationSupportsIndirectInputEvents = YES;
				INFOPLIST_KEY_UILaunchScreen_Generation = YES;
				INFOPLIST_KEY_UISupportedInterfaceOrientations_iPad = "UIInterfaceOrientationPortrait UIInterfaceOrientationPortraitUpsideDown UIInterfaceOrientationLandscapeLeft UIInterfaceOrientationLandscapeRight";
				INFOPLIST_KEY_UISupportedInterfaceOrientations_iPhone = UIInterfaceOrientationPortrait;
				IPHONEOS_DEPLOYMENT_TARGET = 15.2;
				LD_RUNPATH_SEARCH_PATHS = (
					"$(inherited)",
					"@executable_path/Frameworks",
				);
				MARKETING_VERSION = 1.0;
				PRODUCT_BUNDLE_IDENTIFIER = "Nar-der-Levonian.Magnetometer";
				PRODUCT_NAME = "$(TARGET_NAME)";
				SWIFT_EMIT_LOC_STRINGS = YES;
				SWIFT_VERSION = 5.0;
				TARGETED_DEVICE_FAMILY = "1,2";
			};
			name = Release;
		};
/* End XCBuildConfiguration section */

/* Begin XCConfigurationList section */
		B680938B29853EA6006974A9 /* Build configuration list for PBXProject "Magnetometer" */ = {
			isa = XCConfigurationList;
			buildConfigurations = (
				B680939C29853EA8006974A9 /* Debug */,
				B680939D29853EA8006974A9 /* Release */,
			);
			defaultConfigurationIsVisible = 0;
			defaultConfigurationName = Release;
		};
		B680939E29853EA8006974A9 /* Build configuration list for PBXNativeTarget "Magnetometer" */ = {
			isa = XCConfigurationList;
			buildConfigurations = (
				B680939F29853EA8006974A9 /* Debug */,
				B68093A029853EA8006974A9 /* Release */,
			);
			defaultConfigurationIsVisible = 0;
			defaultConfigurationName = Release;
		};
/* End XCConfigurationList section */

/* Begin XCRemoteSwiftPackageReference section */
		B68093A129854301006974A9 /* XCRemoteSwiftPackageReference "SwiftUISineWaveShape" */ = {
			isa = XCRemoteSwiftPackageReference;
			repositoryURL = "https://github.com/CypherPoet/SwiftUISineWaveShape";
			requirement = {
				kind = upToNextMajorVersion;
				minimumVersion = 0.1.2;
			};
		};
		B6C1C3FC2985630E00F782E4 /* XCRemoteSwiftPackageReference "DynamicColor" */ = {
			isa = XCRemoteSwiftPackageReference;
			repositoryURL = "https://github.com/yannickl/DynamicColor";
			requirement = {
				kind = upToNextMajorVersion;
				minimumVersion = 5.0.0;
			};
		};
		B6C1C40C2985B70D00F782E4 /* XCRemoteSwiftPackageReference "AudioKit" */ = {
			isa = XCRemoteSwiftPackageReference;
			repositoryURL = "https://github.com/AudioKit/AudioKit";
			requirement = {
				kind = upToNextMajorVersion;
				minimumVersion = 5.0.0;
			};
		};
		B6C1C40F2985BB3300F782E4 /* XCRemoteSwiftPackageReference "SoundpipeAudioKit" */ = {
			isa = XCRemoteSwiftPackageReference;
			repositoryURL = "https://github.com/AudioKit/SoundpipeAudioKit";
			requirement = {
				branch = main;
				kind = branch;
			};
		};
/* End XCRemoteSwiftPackageReference section */

/* Begin XCSwiftPackageProductDependency section */
		B68093A229854301006974A9 /* SwiftUISineWaveShape */ = {
			isa = XCSwiftPackageProductDependency;
			package = B68093A129854301006974A9 /* XCRemoteSwiftPackageReference "SwiftUISineWaveShape" */;
			productName = SwiftUISineWaveShape;
		};
		B6C1C3FD2985630E00F782E4 /* DynamicColor */ = {
			isa = XCSwiftPackageProductDependency;
			package = B6C1C3FC2985630E00F782E4 /* XCRemoteSwiftPackageReference "DynamicColor" */;
			productName = DynamicColor;
		};
		B6C1C40D2985B70D00F782E4 /* AudioKit */ = {
			isa = XCSwiftPackageProductDependency;
			package = B6C1C40C2985B70D00F782E4 /* XCRemoteSwiftPackageReference "AudioKit" */;
			productName = AudioKit;
		};
		B6C1C4102985BB3300F782E4 /* SoundpipeAudioKit */ = {
			isa = XCSwiftPackageProductDependency;
			package = B6C1C40F2985BB3300F782E4 /* XCRemoteSwiftPackageReference "SoundpipeAudioKit" */;
			productName = SoundpipeAudioKit;
		};
/* End XCSwiftPackageProductDependency section */
	};
	rootObject = B680938829853EA6006974A9 /* Project object */;
}
